Microsoft Visual Studio Solution File, Format Version 12.00
# Visual Studio Version 17
VisualStudioVersion = 17.14.35906.104
MinimumVisualStudioVersion = 10.0.40219.1
Project("{FAE04EC0-301F-11D3-BF4B-00C04F79EFBC}") = "ASiNet.App.Watch", "ASiNet.App.Watch\ASiNet.App.Watch.csproj", "{49C15C99-C731-4515-9501-0CC398B98CEC}"
EndProject
Global
	GlobalSection(SolutionConfigurationPlatforms) = preSolution
		Debug|Any CPU = Debug|Any CPU
		Release|Any CPU = Release|Any CPU
	EndGlobalSection
	GlobalSection(ProjectConfigurationPlatforms) = postSolution
		{49C15C99-C731-4515-9501-0CC398B98CEC}.Debug|Any CPU.ActiveCfg = Debug|Any CPU
		{49C15C99-C731-4515-9501-0CC398B98CEC}.Debug|Any CPU.Build.0 = Debug|Any CPU
		{49C15C99-C731-4515-9501-0CC398B98CEC}.Release|Any CPU.ActiveCfg = Release|Any CPU
		{49C15C99-C731-4515-9501-0CC398B98CEC}.Release|Any CPU.Build.0 = Release|Any CPU
	EndGlobalSection
	GlobalSection(SolutionProperties) = preSolution
		HideSolutionNode = FALSE
	EndGlobalSection
	GlobalSection(ExtensibilityGlobals) = postSolution
		SolutionGuid = {2954EC75-0B51-4F9C-84BC-0C19BD5174CC}
	EndGlobalSection
EndGlobal
